
Microsoft Visual Studio Solution File, Format Version 12.00
# Visual Studio Version 16
VisualStudioVersion = 16.0.31729.503
MinimumVisualStudioVersion = 10.0.40219.1
Project("{FAE04EC0-301F-11D3-BF4B-00C04F79EFBC}") = "Sagar.BookStore", "Sagar.BookStore\Sagar.BookStore.csproj", "{BCCD6A8F-5BFD-407A-B919-6064076D03EE}"
EndProject
Global
	GlobalSection(SolutionConfigurationPlatforms) = preSolution
		Debug|Any CPU = Debug|Any CPU
		Release|Any CPU = Release|Any CPU
	EndGlobalSection
	GlobalSection(ProjectConfigurationPlatforms) = postSolution
		{BCCD6A8F-5BFD-407A-B919-6064076D03EE}.Debug|Any CPU.ActiveCfg = Debug|Any CPU
		{BCCD6A8F-5BFD-407A-B919-6064076D03EE}.Debug|Any CPU.Build.0 = Debug|Any CPU
		{BCCD6A8F-5BFD-407A-B919-6064076D03EE}.Release|Any CPU.ActiveCfg = Release|Any CPU
		{BCCD6A8F-5BFD-407A-B919-6064076D03EE}.Release|Any CPU.Build.0 = Release|Any CPU
	EndGlobalSection
	GlobalSection(SolutionProperties) = preSolution
		HideSolutionNode = FALSE
	EndGlobalSection
	GlobalSection(ExtensibilityGlobals) = postSolution
		SolutionGuid = {DDB79A4E-12E6-43E2-8038-3970A59770AA}
	EndGlobalSection
EndGlobal
